
Microsoft Visual Studio Solution File, Format Version 12.00
# Visual Studio Version 16
VisualStudioVersion = 16.0.30804.86
MinimumVisualStudioVersion = 10.0.40219.1
Project("{9A19103F-16F7-4668-BE54-9A1E7A4F7556}") = "WebApp", "WebApp\WebApp.csproj", "{1127C0F1-ADA4-4478-BA72-88C15B83D226}"
EndProject
Project("{9A19103F-16F7-4668-BE54-9A1E7A4F7556}") = "WebApp.Core", "WebApp.Core\WebApp.Core.csproj", "{AB3BDB46-873F-4AE6-8742-B93E92DB5726}"
EndProject
Project("{9A19103F-16F7-4668-BE54-9A1E7A4F7556}") = "WebApp.Sql", "WebApp.Sql\WebApp.Sql.csproj", "{821BF60B-8FB1-4BC8-8283-BEBDA33AB30B}"
EndProject
Project("{9A19103F-16F7-4668-BE54-9A1E7A4F7556}") = "WebApp.Service", "WebApp.Service\WebApp.Service.csproj", "{BF43CE8C-CABB-4760-B001-8285FEF12196}"
EndProject
Project("{2150E333-8FDC-42A3-9474-1A3956D46DE8}") = "docs", "docs", "{AD1D58CD-1843-4189-8359-03D4C00DE75E}"
	ProjectSection(SolutionItems) = preProject
		docs\Readme.md = docs\Readme.md
		docs\status.md = docs\status.md
		docs\usage.md = docs\usage.md
	EndProjectSection
EndProject
Project("{2150E333-8FDC-42A3-9474-1A3956D46DE8}") = "src", "src", "{172EC35C-DFEB-49BE-904F-040A43EFD3BA}"
EndProject
Project("{2150E333-8FDC-42A3-9474-1A3956D46DE8}") = "apis", "apis", "{B9CA3C83-ED15-47F7-B4E0-560243E5A807}"
EndProject
Project("{2150E333-8FDC-42A3-9474-1A3956D46DE8}") = "libraries", "libraries", "{DC9027FB-6524-4BBD-8C9F-CB24B3789663}"
EndProject
Project("{2150E333-8FDC-42A3-9474-1A3956D46DE8}") = "commons", "commons", "{7FB15E90-DA6C-4F5E-BB7D-E8F16EC234C5}"
EndProject
Project("{9A19103F-16F7-4668-BE54-9A1E7A4F7556}") = "WebApp.Entity", "WebApp.Entity\WebApp.Entity.csproj", "{B1720AA6-CC5E-42B1-B614-A5BC12D7C01F}"
EndProject
Project("{9A19103F-16F7-4668-BE54-9A1E7A4F7556}") = "WebApp.Sql.Test", "WebApp.Sql.Test\WebApp.Sql.Test.csproj", "{BB9DDF87-C0CB-4AA1-9385-4BE91F06895E}"
EndProject
Project("{9A19103F-16F7-4668-BE54-9A1E7A4F7556}") = "WebApp.Service.Test", "WebApp.Service.Test\WebApp.Service.Test.csproj", "{1061ED84-5E47-4E41-A94C-027ACC5A5F01}"
EndProject
Project("{9A19103F-16F7-4668-BE54-9A1E7A4F7556}") = "WebApp.Core.Test", "WebApp.Core.Test\WebApp.Core.Test.csproj", "{C0D5CD93-0AE6-41E6-99D5-D1ED4534C5D2}"
EndProject
Project("{2150E333-8FDC-42A3-9474-1A3956D46DE8}") = "configs", "configs", "{BB3842A5-83E2-4FFA-9449-DA576CFDFFED}"
	ProjectSection(SolutionItems) = preProject
		.editorconfig = .editorconfig
	EndProjectSection
EndProject
Project("{2150E333-8FDC-42A3-9474-1A3956D46DE8}") = "pipelines", "pipelines", "{0CB517D7-F811-428F-BC00-53BE5D01D5AA}"
	ProjectSection(SolutionItems) = preProject
		azure-pipelines.yml = azure-pipelines.yml
	EndProjectSection
EndProject
Project("{2150E333-8FDC-42A3-9474-1A3956D46DE8}") = "Scrips", "Scrips", "{6530F204-DF52-4DF9-AD99-4672F4FDFE9A}"
EndProject
Project("{2150E333-8FDC-42A3-9474-1A3956D46DE8}") = "Schemas", "Schemas", "{965B855A-00EB-4290-B955-3BA8F21240F6}"
	ProjectSection(SolutionItems) = preProject
		ExceptionLogs_Table.sql = ExceptionLogs_Table.sql
		RouteLogs_Table.sql = RouteLogs_Table.sql
	EndProjectSection
EndProject
Project("{FAE04EC0-301F-11D3-BF4B-00C04F79EFBC}") = "WebApp.Service.Contract", "WebApp.Service.Contract\WebApp.Service.Contract.csproj", "{79081174-B032-4F5E-8514-8A30C02803DF}"
EndProject
Global
	GlobalSection(SolutionConfigurationPlatforms) = preSolution
		Debug|Any CPU = Debug|Any CPU
		Release|Any CPU = Release|Any CPU
	EndGlobalSection
	GlobalSection(ProjectConfigurationPlatforms) = postSolution
		{1127C0F1-ADA4-4478-BA72-88C15B83D226}.Debug|Any CPU.ActiveCfg = Debug|Any CPU
		{1127C0F1-ADA4-4478-BA72-88C15B83D226}.Debug|Any CPU.Build.0 = Debug|Any CPU
		{1127C0F1-ADA4-4478-BA72-88C15B83D226}.Release|Any CPU.ActiveCfg = Release|Any CPU
		{1127C0F1-ADA4-4478-BA72-88C15B83D226}.Release|Any CPU.Build.0 = Release|Any CPU
		{AB3BDB46-873F-4AE6-8742-B93E92DB5726}.Debug|Any CPU.ActiveCfg = Debug|Any CPU
		{AB3BDB46-873F-4AE6-8742-B93E92DB5726}.Debug|Any CPU.Build.0 = Debug|Any CPU
		{AB3BDB46-873F-4AE6-8742-B93E92DB5726}.Release|Any CPU.ActiveCfg = Release|Any CPU
		{AB3BDB46-873F-4AE6-8742-B93E92DB5726}.Release|Any CPU.Build.0 = Release|Any CPU
		{821BF60B-8FB1-4BC8-8283-BEBDA33AB30B}.Debug|Any CPU.ActiveCfg = Debug|Any CPU
		{821BF60B-8FB1-4BC8-8283-BEBDA33AB30B}.Debug|Any CPU.Build.0 = Debug|Any CPU
		{821BF60B-8FB1-4BC8-8283-BEBDA33AB30B}.Release|Any CPU.ActiveCfg = Release|Any CPU
		{821BF60B-8FB1-4BC8-8283-BEBDA33AB30B}.Release|Any CPU.Build.0 = Release|Any CPU
		{BF43CE8C-CABB-4760-B001-8285FEF12196}.Debug|Any CPU.ActiveCfg = Debug|Any CPU
		{BF43CE8C-CABB-4760-B001-8285FEF12196}.Debug|Any CPU.Build.0 = Debug|Any CPU
		{BF43CE8C-CABB-4760-B001-8285FEF12196}.Release|Any CPU.ActiveCfg = Release|Any CPU
		{BF43CE8C-CABB-4760-B001-8285FEF12196}.Release|Any CPU.Build.0 = Release|Any CPU
		{B1720AA6-CC5E-42B1-B614-A5BC12D7C01F}.Debug|Any CPU.ActiveCfg = Debug|Any CPU
		{B1720AA6-CC5E-42B1-B614-A5BC12D7C01F}.Debug|Any CPU.Build.0 = Debug|Any CPU
		{B1720AA6-CC5E-42B1-B614-A5BC12D7C01F}.Release|Any CPU.ActiveCfg = Release|Any CPU
		{B1720AA6-CC5E-42B1-B614-A5BC12D7C01F}.Release|Any CPU.Build.0 = Release|Any CPU
		{BB9DDF87-C0CB-4AA1-9385-4BE91F06895E}.Debug|Any CPU.ActiveCfg = Debug|Any CPU
		{BB9DDF87-C0CB-4AA1-9385-4BE91F06895E}.Debug|Any CPU.Build.0 = Debug|Any CPU
		{BB9DDF87-C0CB-4AA1-9385-4BE91F06895E}.Release|Any CPU.ActiveCfg = Release|Any CPU
		{BB9DDF87-C0CB-4AA1-9385-4BE91F06895E}.Release|Any CPU.Build.0 = Release|Any CPU
		{1061ED84-5E47-4E41-A94C-027ACC5A5F01}.Debug|Any CPU.ActiveCfg = Debug|Any CPU
		{1061ED84-5E47-4E41-A94C-027ACC5A5F01}.Debug|Any CPU.Build.0 = Debug|Any CPU
		{1061ED84-5E47-4E41-A94C-027ACC5A5F01}.Release|Any CPU.ActiveCfg = Release|Any CPU
		{1061ED84-5E47-4E41-A94C-027ACC5A5F01}.Release|Any CPU.Build.0 = Release|Any CPU
		{C0D5CD93-0AE6-41E6-99D5-D1ED4534C5D2}.Debug|Any CPU.ActiveCfg = Debug|Any CPU
		{C0D5CD93-0AE6-41E6-99D5-D1ED4534C5D2}.Debug|Any CPU.Build.0 = Debug|Any CPU
		{C0D5CD93-0AE6-41E6-99D5-D1ED4534C5D2}.Release|Any CPU.ActiveCfg = Release|Any CPU
		{C0D5CD93-0AE6-41E6-99D5-D1ED4534C5D2}.Release|Any CPU.Build.0 = Release|Any CPU
		{79081174-B032-4F5E-8514-8A30C02803DF}.Debug|Any CPU.ActiveCfg = Debug|Any CPU
		{79081174-B032-4F5E-8514-8A30C02803DF}.Debug|Any CPU.Build.0 = Debug|Any CPU
		{79081174-B032-4F5E-8514-8A30C02803DF}.Release|Any CPU.ActiveCfg = Release|Any CPU
		{79081174-B032-4F5E-8514-8A30C02803DF}.Release|Any CPU.Build.0 = Release|Any CPU
	EndGlobalSection
	GlobalSection(SolutionProperties) = preSolution
		HideSolutionNode = FALSE
	EndGlobalSection
	GlobalSection(NestedProjects) = preSolution
		{1127C0F1-ADA4-4478-BA72-88C15B83D226} = {B9CA3C83-ED15-47F7-B4E0-560243E5A807}
		{AB3BDB46-873F-4AE6-8742-B93E92DB5726} = {7FB15E90-DA6C-4F5E-BB7D-E8F16EC234C5}
		{821BF60B-8FB1-4BC8-8283-BEBDA33AB30B} = {DC9027FB-6524-4BBD-8C9F-CB24B3789663}
		{BF43CE8C-CABB-4760-B001-8285FEF12196} = {DC9027FB-6524-4BBD-8C9F-CB24B3789663}
		{B9CA3C83-ED15-47F7-B4E0-560243E5A807} = {172EC35C-DFEB-49BE-904F-040A43EFD3BA}
		{DC9027FB-6524-4BBD-8C9F-CB24B3789663} = {172EC35C-DFEB-49BE-904F-040A43EFD3BA}
		{7FB15E90-DA6C-4F5E-BB7D-E8F16EC234C5} = {172EC35C-DFEB-49BE-904F-040A43EFD3BA}
		{B1720AA6-CC5E-42B1-B614-A5BC12D7C01F} = {DC9027FB-6524-4BBD-8C9F-CB24B3789663}
		{BB9DDF87-C0CB-4AA1-9385-4BE91F06895E} = {DC9027FB-6524-4BBD-8C9F-CB24B3789663}
		{1061ED84-5E47-4E41-A94C-027ACC5A5F01} = {DC9027FB-6524-4BBD-8C9F-CB24B3789663}
		{C0D5CD93-0AE6-41E6-99D5-D1ED4534C5D2} = {7FB15E90-DA6C-4F5E-BB7D-E8F16EC234C5}
		{965B855A-00EB-4290-B955-3BA8F21240F6} = {6530F204-DF52-4DF9-AD99-4672F4FDFE9A}
		{79081174-B032-4F5E-8514-8A30C02803DF} = {DC9027FB-6524-4BBD-8C9F-CB24B3789663}
	EndGlobalSection
	GlobalSection(ExtensibilityGlobals) = postSolution
		SolutionGuid = {BFCCDA0E-EADD-457B-9016-11900245AB18}
	EndGlobalSection
EndGlobal
